
Microsoft Visual Studio Solution File, Format Version 12.00
# Visual Studio Version 17
VisualStudioVersion = 17.12.35527.113
MinimumVisualStudioVersion = 10.0.40219.1
Project("{FAE04EC0-301F-11D3-BF4B-00C04F79EFBC}") = "csharp-tech-challenge", "csharp-tech-challenge\csharp-tech-challenge.csproj", "{34D0AAEC-B6DB-46B2-82A2-7B3A04C5F6BA}"
EndProject
Project("{FAE04EC0-301F-11D3-BF4B-00C04F79EFBC}") = "APITests", "APITests\APITests.csproj", "{D8D17601-8053-44BA-AAFA-47FCD265ED3F}"
EndProject
Global
	GlobalSection(SolutionConfigurationPlatforms) = preSolution
		Debug|Any CPU = Debug|Any CPU
		Release|Any CPU = Release|Any CPU
	EndGlobalSection
	GlobalSection(ProjectConfigurationPlatforms) = postSolution
		{34D0AAEC-B6DB-46B2-82A2-7B3A04C5F6BA}.Debug|Any CPU.ActiveCfg = Debug|Any CPU
		{34D0AAEC-B6DB-46B2-82A2-7B3A04C5F6BA}.Debug|Any CPU.Build.0 = Debug|Any CPU
		{34D0AAEC-B6DB-46B2-82A2-7B3A04C5F6BA}.Release|Any CPU.ActiveCfg = Release|Any CPU
		{34D0AAEC-B6DB-46B2-82A2-7B3A04C5F6BA}.Release|Any CPU.Build.0 = Release|Any CPU
		{D8D17601-8053-44BA-AAFA-47FCD265ED3F}.Debug|Any CPU.ActiveCfg = Debug|Any CPU
		{D8D17601-8053-44BA-AAFA-47FCD265ED3F}.Debug|Any CPU.Build.0 = Debug|Any CPU
		{D8D17601-8053-44BA-AAFA-47FCD265ED3F}.Release|Any CPU.ActiveCfg = Release|Any CPU
		{D8D17601-8053-44BA-AAFA-47FCD265ED3F}.Release|Any CPU.Build.0 = Release|Any CPU
	EndGlobalSection
	GlobalSection(SolutionProperties) = preSolution
		HideSolutionNode = FALSE
	EndGlobalSection
EndGlobal
